
Microsoft Visual Studio Solution File, Format Version 12.00
# Visual Studio 15
VisualStudioVersion = 15.0.26430.16
MinimumVisualStudioVersion = 10.0.40219.1
Project("{FAE04EC0-301F-11D3-BF4B-00C04F79EFBC}") = "1003", "UriOnlineJudge\1003.csproj", "{B4D7682A-4191-49BA-89B5-EEDB413B4CC0}"
EndProject
Project("{FAE04EC0-301F-11D3-BF4B-00C04F79EFBC}") = "1004", "1004\1004.csproj", "{1F0EDEBB-BC6E-4B0B-9EC5-8DF28018A344}"
EndProject
Project("{FAE04EC0-301F-11D3-BF4B-00C04F79EFBC}") = "1005", "1005\1005.csproj", "{26482724-7F60-45C2-96F1-E1210651B889}"
EndProject
Project("{FAE04EC0-301F-11D3-BF4B-00C04F79EFBC}") = "1006", "1006\1006.csproj", "{8826C1B0-9E8F-4BA9-927C-89AEE474444C}"
EndProject
Project("{FAE04EC0-301F-11D3-BF4B-00C04F79EFBC}") = "1007", "1007\1007.csproj", "{4F7F73A0-766C-41CC-9A10-A2802204F4FB}"
EndProject
Project("{FAE04EC0-301F-11D3-BF4B-00C04F79EFBC}") = "1008", "1008\1008.csproj", "{8A2E5AD8-4BC6-414F-8DD3-F5D36B936862}"
EndProject
Project("{FAE04EC0-301F-11D3-BF4B-00C04F79EFBC}") = "1010", "1010\1010.csproj", "{9BF23BDF-9238-45ED-925D-457EB3EF512B}"
EndProject
Project("{FAE04EC0-301F-11D3-BF4B-00C04F79EFBC}") = "1014", "1014\1014.csproj", "{7952AB3B-BB97-40B2-8047-50A061AE10C4}"
EndProject
Project("{FAE04EC0-301F-11D3-BF4B-00C04F79EFBC}") = "1016", "1016\1016.csproj", "{E42D67FA-1E5F-4BFD-9901-C53E9D8BCF62}"
EndProject
Project("{FAE04EC0-301F-11D3-BF4B-00C04F79EFBC}") = "1017", "1017\1017.csproj", "{52C2BEDF-9A5E-4BF1-A6D6-58BA9EDC84EF}"
EndProject
Project("{FAE04EC0-301F-11D3-BF4B-00C04F79EFBC}") = "1009", "1009\1009.csproj", "{4C915417-09CF-4186-92A5-0A023A9608B6}"
EndProject
Project("{FAE04EC0-301F-11D3-BF4B-00C04F79EFBC}") = "1011", "1011\1011.csproj", "{73D08BF2-3EC4-4B0A-BFE5-24C0011B541D}"
EndProject
Project("{FAE04EC0-301F-11D3-BF4B-00C04F79EFBC}") = "1012", "1012\1012.csproj", "{6B545538-99D4-41FF-ADA3-591677E6B2F8}"
EndProject
Project("{FAE04EC0-301F-11D3-BF4B-00C04F79EFBC}") = "1013", "1013\1013.csproj", "{67343B00-00B9-454E-8BEB-CD3E9BF6C466}"
EndProject
Project("{FAE04EC0-301F-11D3-BF4B-00C04F79EFBC}") = "1015", "1015\1015.csproj", "{C9077F3B-D1DC-4DCC-92EB-B3000D1E7F68}"
EndProject
Project("{FAE04EC0-301F-11D3-BF4B-00C04F79EFBC}") = "1019", "1019\1019.csproj", "{D547831B-9195-47B9-B70C-BA71BFD68445}"
EndProject
Project("{FAE04EC0-301F-11D3-BF4B-00C04F79EFBC}") = "1018", "1018\1018.csproj", "{CC1C681C-63AB-497A-B78F-06DFD9C587A1}"
EndProject
Project("{FAE04EC0-301F-11D3-BF4B-00C04F79EFBC}") = "1020", "1020\1020.csproj", "{4FA5D320-6713-475B-9855-18E2ACC7CEA0}"
EndProject
Project("{FAE04EC0-301F-11D3-BF4B-00C04F79EFBC}") = "1021", "1021\1021.csproj", "{BF18F2BE-A849-4DA0-8C21-607BE52A3AC7}"
EndProject
Project("{FAE04EC0-301F-11D3-BF4B-00C04F79EFBC}") = "1061", "1061\1061.csproj", "{0EB9519D-F912-4B78-A303-660D8C6A38AF}"
EndProject
Project("{FAE04EC0-301F-11D3-BF4B-00C04F79EFBC}") = "1036", "1036\1036.csproj", "{672CDEB3-5CD4-425B-8E70-15DFC300E84B}"
EndProject
Project("{FAE04EC0-301F-11D3-BF4B-00C04F79EFBC}") = "1035", "1035\1035.csproj", "{748C07A2-80F1-4ED8-8D1D-3E2809924D8A}"
EndProject
Project("{FAE04EC0-301F-11D3-BF4B-00C04F79EFBC}") = "1037", "1037\1037.csproj", "{399D66C4-F611-4737-B4D7-87EBDEDB2A0D}"
EndProject
Project("{FAE04EC0-301F-11D3-BF4B-00C04F79EFBC}") = "1038", "1038\1038.csproj", "{DBD59DFB-3302-4FB2-A9FC-5C9C6226001D}"
EndProject
Project("{FAE04EC0-301F-11D3-BF4B-00C04F79EFBC}") = "1113", "1113\1113.csproj", "{CD82B107-472D-4E03-A9E0-963F33119631}"
EndProject
Project("{FAE04EC0-301F-11D3-BF4B-00C04F79EFBC}") = "1114", "1114\1114.csproj", "{131CB806-BBCF-4007-8004-7B49C29F3A01}"
EndProject
Project("{FAE04EC0-301F-11D3-BF4B-00C04F79EFBC}") = "1115", "1115\1115.csproj", "{BB3E76BD-C25D-49F7-88E6-5B2E067E8FE9}"
EndProject
Project("{FAE04EC0-301F-11D3-BF4B-00C04F79EFBC}") = "1117", "1117\1117.csproj", "{39E9084C-623F-4223-8C86-AB67F4D6844D}"
EndProject
Project("{FAE04EC0-301F-11D3-BF4B-00C04F79EFBC}") = "1078", "1078\1078.csproj", "{143E0A73-24D7-47BE-982A-6F4054594ADD}"
EndProject
Project("{FAE04EC0-301F-11D3-BF4B-00C04F79EFBC}") = "1071", "1071\1071.csproj", "{73550194-C497-4554-AA61-9F4F941BD1BB}"
EndProject
Global
	GlobalSection(SolutionConfigurationPlatforms) = preSolution
		Debug|Any CPU = Debug|Any CPU
		Release|Any CPU = Release|Any CPU
	EndGlobalSection
	GlobalSection(ProjectConfigurationPlatforms) = postSolution
		{B4D7682A-4191-49BA-89B5-EEDB413B4CC0}.Debug|Any CPU.ActiveCfg = Debug|Any CPU
		{B4D7682A-4191-49BA-89B5-EEDB413B4CC0}.Debug|Any CPU.Build.0 = Debug|Any CPU
		{B4D7682A-4191-49BA-89B5-EEDB413B4CC0}.Release|Any CPU.ActiveCfg = Release|Any CPU
		{B4D7682A-4191-49BA-89B5-EEDB413B4CC0}.Release|Any CPU.Build.0 = Release|Any CPU
		{1F0EDEBB-BC6E-4B0B-9EC5-8DF28018A344}.Debug|Any CPU.ActiveCfg = Debug|Any CPU
		{1F0EDEBB-BC6E-4B0B-9EC5-8DF28018A344}.Debug|Any CPU.Build.0 = Debug|Any CPU
		{1F0EDEBB-BC6E-4B0B-9EC5-8DF28018A344}.Release|Any CPU.ActiveCfg = Release|Any CPU
		{1F0EDEBB-BC6E-4B0B-9EC5-8DF28018A344}.Release|Any CPU.Build.0 = Release|Any CPU
		{26482724-7F60-45C2-96F1-E1210651B889}.Debug|Any CPU.ActiveCfg = Debug|Any CPU
		{26482724-7F60-45C2-96F1-E1210651B889}.Debug|Any CPU.Build.0 = Debug|Any CPU
		{26482724-7F60-45C2-96F1-E1210651B889}.Release|Any CPU.ActiveCfg = Release|Any CPU
		{26482724-7F60-45C2-96F1-E1210651B889}.Release|Any CPU.Build.0 = Release|Any CPU
		{8826C1B0-9E8F-4BA9-927C-89AEE474444C}.Debug|Any CPU.ActiveCfg = Debug|Any CPU
		{8826C1B0-9E8F-4BA9-927C-89AEE474444C}.Debug|Any CPU.Build.0 = Debug|Any CPU
		{8826C1B0-9E8F-4BA9-927C-89AEE474444C}.Release|Any CPU.ActiveCfg = Release|Any CPU
		{8826C1B0-9E8F-4BA9-927C-89AEE474444C}.Release|Any CPU.Build.0 = Release|Any CPU
		{4F7F73A0-766C-41CC-9A10-A2802204F4FB}.Debug|Any CPU.ActiveCfg = Debug|Any CPU
		{4F7F73A0-766C-41CC-9A10-A2802204F4FB}.Debug|Any CPU.Build.0 = Debug|Any CPU
		{4F7F73A0-766C-41CC-9A10-A2802204F4FB}.Release|Any CPU.ActiveCfg = Release|Any CPU
		{4F7F73A0-766C-41CC-9A10-A2802204F4FB}.Release|Any CPU.Build.0 = Release|Any CPU
		{8A2E5AD8-4BC6-414F-8DD3-F5D36B936862}.Debug|Any CPU.ActiveCfg = Debug|Any CPU
		{8A2E5AD8-4BC6-414F-8DD3-F5D36B936862}.Debug|Any CPU.Build.0 = Debug|Any CPU
		{8A2E5AD8-4BC6-414F-8DD3-F5D36B936862}.Release|Any CPU.ActiveCfg = Release|Any CPU
		{8A2E5AD8-4BC6-414F-8DD3-F5D36B936862}.Release|Any CPU.Build.0 = Release|Any CPU
		{9BF23BDF-9238-45ED-925D-457EB3EF512B}.Debug|Any CPU.ActiveCfg = Debug|Any CPU
		{9BF23BDF-9238-45ED-925D-457EB3EF512B}.Debug|Any CPU.Build.0 = Debug|Any CPU
		{9BF23BDF-9238-45ED-925D-457EB3EF512B}.Release|Any CPU.ActiveCfg = Release|Any CPU
		{9BF23BDF-9238-45ED-925D-457EB3EF512B}.Release|Any CPU.Build.0 = Release|Any CPU
		{7952AB3B-BB97-40B2-8047-50A061AE10C4}.Debug|Any CPU.ActiveCfg = Debug|Any CPU
		{7952AB3B-BB97-40B2-8047-50A061AE10C4}.Debug|Any CPU.Build.0 = Debug|Any CPU
		{7952AB3B-BB97-40B2-8047-50A061AE10C4}.Release|Any CPU.ActiveCfg = Release|Any CPU
		{7952AB3B-BB97-40B2-8047-50A061AE10C4}.Release|Any CPU.Build.0 = Release|Any CPU
		{E42D67FA-1E5F-4BFD-9901-C53E9D8BCF62}.Debug|Any CPU.ActiveCfg = Debug|Any CPU
		{E42D67FA-1E5F-4BFD-9901-C53E9D8BCF62}.Debug|Any CPU.Build.0 = Debug|Any CPU
		{E42D67FA-1E5F-4BFD-9901-C53E9D8BCF62}.Release|Any CPU.ActiveCfg = Release|Any CPU
		{E42D67FA-1E5F-4BFD-9901-C53E9D8BCF62}.Release|Any CPU.Build.0 = Release|Any CPU
		{52C2BEDF-9A5E-4BF1-A6D6-58BA9EDC84EF}.Debug|Any CPU.ActiveCfg = Debug|Any CPU
		{52C2BEDF-9A5E-4BF1-A6D6-58BA9EDC84EF}.Debug|Any CPU.Build.0 = Debug|Any CPU
		{52C2BEDF-9A5E-4BF1-A6D6-58BA9EDC84EF}.Release|Any CPU.ActiveCfg = Release|Any CPU
		{52C2BEDF-9A5E-4BF1-A6D6-58BA9EDC84EF}.Release|Any CPU.Build.0 = Release|Any CPU
		{4C915417-09CF-4186-92A5-0A023A9608B6}.Debug|Any CPU.ActiveCfg = Debug|Any CPU
		{4C915417-09CF-4186-92A5-0A023A9608B6}.Debug|Any CPU.Build.0 = Debug|Any CPU
		{4C915417-09CF-4186-92A5-0A023A9608B6}.Release|Any CPU.ActiveCfg = Release|Any CPU
		{4C915417-09CF-4186-92A5-0A023A9608B6}.Release|Any CPU.Build.0 = Release|Any CPU
		{73D08BF2-3EC4-4B0A-BFE5-24C0011B541D}.Debug|Any CPU.ActiveCfg = Debug|Any CPU
		{73D08BF2-3EC4-4B0A-BFE5-24C0011B541D}.Debug|Any CPU.Build.0 = Debug|Any CPU
		{73D08BF2-3EC4-4B0A-BFE5-24C0011B541D}.Release|Any CPU.ActiveCfg = Release|Any CPU
		{73D08BF2-3EC4-4B0A-BFE5-24C0011B541D}.Release|Any CPU.Build.0 = Release|Any CPU
		{6B545538-99D4-41FF-ADA3-591677E6B2F8}.Debug|Any CPU.ActiveCfg = Debug|Any CPU
		{6B545538-99D4-41FF-ADA3-591677E6B2F8}.Debug|Any CPU.Build.0 = Debug|Any CPU
		{6B545538-99D4-41FF-ADA3-591677E6B2F8}.Release|Any CPU.ActiveCfg = Release|Any CPU
		{6B545538-99D4-41FF-ADA3-591677E6B2F8}.Release|Any CPU.Build.0 = Release|Any CPU
		{67343B00-00B9-454E-8BEB-CD3E9BF6C466}.Debug|Any CPU.ActiveCfg = Debug|Any CPU
		{67343B00-00B9-454E-8BEB-CD3E9BF6C466}.Debug|Any CPU.Build.0 = Debug|Any CPU
		{67343B00-00B9-454E-8BEB-CD3E9BF6C466}.Release|Any CPU.ActiveCfg = Release|Any CPU
		{67343B00-00B9-454E-8BEB-CD3E9BF6C466}.Release|Any CPU.Build.0 = Release|Any CPU
		{C9077F3B-D1DC-4DCC-92EB-B3000D1E7F68}.Debug|Any CPU.ActiveCfg = Debug|Any CPU
		{C9077F3B-D1DC-4DCC-92EB-B3000D1E7F68}.Debug|Any CPU.Build.0 = Debug|Any CPU
		{C9077F3B-D1DC-4DCC-92EB-B3000D1E7F68}.Release|Any CPU.ActiveCfg = Release|Any CPU
		{C9077F3B-D1DC-4DCC-92EB-B3000D1E7F68}.Release|Any CPU.Build.0 = Release|Any CPU
		{D547831B-9195-47B9-B70C-BA71BFD68445}.Debug|Any CPU.ActiveCfg = Debug|Any CPU
		{D547831B-9195-47B9-B70C-BA71BFD68445}.Debug|Any CPU.Build.0 = Debug|Any CPU
		{D547831B-9195-47B9-B70C-BA71BFD68445}.Release|Any CPU.ActiveCfg = Release|Any CPU
		{D547831B-9195-47B9-B70C-BA71BFD68445}.Release|Any CPU.Build.0 = Release|Any CPU
		{CC1C681C-63AB-497A-B78F-06DFD9C587A1}.Debug|Any CPU.ActiveCfg = Debug|Any CPU
		{CC1C681C-63AB-497A-B78F-06DFD9C587A1}.Debug|Any CPU.Build.0 = Debug|Any CPU
		{CC1C681C-63AB-497A-B78F-06DFD9C587A1}.Release|Any CPU.ActiveCfg = Release|Any CPU
		{CC1C681C-63AB-497A-B78F-06DFD9C587A1}.Release|Any CPU.Build.0 = Release|Any CPU
		{4FA5D320-6713-475B-9855-18E2ACC7CEA0}.Debug|Any CPU.ActiveCfg = Debug|Any CPU
		{4FA5D320-6713-475B-9855-18E2ACC7CEA0}.Debug|Any CPU.Build.0 = Debug|Any CPU
		{4FA5D320-6713-475B-9855-18E2ACC7CEA0}.Release|Any CPU.ActiveCfg = Release|Any CPU
		{4FA5D320-6713-475B-9855-18E2ACC7CEA0}.Release|Any CPU.Build.0 = Release|Any CPU
		{BF18F2BE-A849-4DA0-8C21-607BE52A3AC7}.Debug|Any CPU.ActiveCfg = Debug|Any CPU
		{BF18F2BE-A849-4DA0-8C21-607BE52A3AC7}.Debug|Any CPU.Build.0 = Debug|Any CPU
		{BF18F2BE-A849-4DA0-8C21-607BE52A3AC7}.Release|Any CPU.ActiveCfg = Release|Any CPU
		{BF18F2BE-A849-4DA0-8C21-607BE52A3AC7}.Release|Any CPU.Build.0 = Release|Any CPU
		{0EB9519D-F912-4B78-A303-660D8C6A38AF}.Debug|Any CPU.ActiveCfg = Debug|Any CPU
		{0EB9519D-F912-4B78-A303-660D8C6A38AF}.Debug|Any CPU.Build.0 = Debug|Any CPU
		{0EB9519D-F912-4B78-A303-660D8C6A38AF}.Release|Any CPU.ActiveCfg = Release|Any CPU
		{0EB9519D-F912-4B78-A303-660D8C6A38AF}.Release|Any CPU.Build.0 = Release|Any CPU
		{672CDEB3-5CD4-425B-8E70-15DFC300E84B}.Debug|Any CPU.ActiveCfg = Debug|Any CPU
		{672CDEB3-5CD4-425B-8E70-15DFC300E84B}.Debug|Any CPU.Build.0 = Debug|Any CPU
		{672CDEB3-5CD4-425B-8E70-15DFC300E84B}.Release|Any CPU.ActiveCfg = Release|Any CPU
		{672CDEB3-5CD4-425B-8E70-15DFC300E84B}.Release|Any CPU.Build.0 = Release|Any CPU
		{748C07A2-80F1-4ED8-8D1D-3E2809924D8A}.Debug|Any CPU.ActiveCfg = Debug|Any CPU
		{748C07A2-80F1-4ED8-8D1D-3E2809924D8A}.Debug|Any CPU.Build.0 = Debug|Any CPU
		{748C07A2-80F1-4ED8-8D1D-3E2809924D8A}.Release|Any CPU.ActiveCfg = Release|Any CPU
		{748C07A2-80F1-4ED8-8D1D-3E2809924D8A}.Release|Any CPU.Build.0 = Release|Any CPU
		{399D66C4-F611-4737-B4D7-87EBDEDB2A0D}.Debug|Any CPU.ActiveCfg = Debug|Any CPU
		{399D66C4-F611-4737-B4D7-87EBDEDB2A0D}.Debug|Any CPU.Build.0 = Debug|Any CPU
		{399D66C4-F611-4737-B4D7-87EBDEDB2A0D}.Release|Any CPU.ActiveCfg = Release|Any CPU
		{399D66C4-F611-4737-B4D7-87EBDEDB2A0D}.Release|Any CPU.Build.0 = Release|Any CPU
		{DBD59DFB-3302-4FB2-A9FC-5C9C6226001D}.Debug|Any CPU.ActiveCfg = Debug|Any CPU
		{DBD59DFB-3302-4FB2-A9FC-5C9C6226001D}.Debug|Any CPU.Build.0 = Debug|Any CPU
		{DBD59DFB-3302-4FB2-A9FC-5C9C6226001D}.Release|Any CPU.ActiveCfg = Release|Any CPU
		{DBD59DFB-3302-4FB2-A9FC-5C9C6226001D}.Release|Any CPU.Build.0 = Release|Any CPU
		{CD82B107-472D-4E03-A9E0-963F33119631}.Debug|Any CPU.ActiveCfg = Debug|Any CPU
		{CD82B107-472D-4E03-A9E0-963F33119631}.Debug|Any CPU.Build.0 = Debug|Any CPU
		{CD82B107-472D-4E03-A9E0-963F33119631}.Release|Any CPU.ActiveCfg = Release|Any CPU
		{CD82B107-472D-4E03-A9E0-963F33119631}.Release|Any CPU.Build.0 = Release|Any CPU
		{131CB806-BBCF-4007-8004-7B49C29F3A01}.Debug|Any CPU.ActiveCfg = Debug|Any CPU
		{131CB806-BBCF-4007-8004-7B49C29F3A01}.Debug|Any CPU.Build.0 = Debug|Any CPU
		{131CB806-BBCF-4007-8004-7B49C29F3A01}.Release|Any CPU.ActiveCfg = Release|Any CPU
		{131CB806-BBCF-4007-8004-7B49C29F3A01}.Release|Any CPU.Build.0 = Release|Any CPU
		{BB3E76BD-C25D-49F7-88E6-5B2E067E8FE9}.Debug|Any CPU.ActiveCfg = Debug|Any CPU
		{BB3E76BD-C25D-49F7-88E6-5B2E067E8FE9}.Debug|Any CPU.Build.0 = Debug|Any CPU
		{BB3E76BD-C25D-49F7-88E6-5B2E067E8FE9}.Release|Any CPU.ActiveCfg = Release|Any CPU
		{BB3E76BD-C25D-49F7-88E6-5B2E067E8FE9}.Release|Any CPU.Build.0 = Release|Any CPU
		{39E9084C-623F-4223-8C86-AB67F4D6844D}.Debug|Any CPU.ActiveCfg = Debug|Any CPU
		{39E9084C-623F-4223-8C86-AB67F4D6844D}.Debug|Any CPU.Build.0 = Debug|Any CPU
		{39E9084C-623F-4223-8C86-AB67F4D6844D}.Release|Any CPU.ActiveCfg = Release|Any CPU
		{39E9084C-623F-4223-8C86-AB67F4D6844D}.Release|Any CPU.Build.0 = Release|Any CPU
		{143E0A73-24D7-47BE-982A-6F4054594ADD}.Debug|Any CPU.ActiveCfg = Debug|Any CPU
		{143E0A73-24D7-47BE-982A-6F4054594ADD}.Debug|Any CPU.Build.0 = Debug|Any CPU
		{143E0A73-24D7-47BE-982A-6F4054594ADD}.Release|Any CPU.ActiveCfg = Release|Any CPU
		{143E0A73-24D7-47BE-982A-6F4054594ADD}.Release|Any CPU.Build.0 = Release|Any CPU
		{73550194-C497-4554-AA61-9F4F941BD1BB}.Debug|Any CPU.ActiveCfg = Debug|Any CPU
		{73550194-C497-4554-AA61-9F4F941BD1BB}.Debug|Any CPU.Build.0 = Debug|Any CPU
		{73550194-C497-4554-AA61-9F4F941BD1BB}.Release|Any CPU.ActiveCfg = Release|Any CPU
		{73550194-C497-4554-AA61-9F4F941BD1BB}.Release|Any CPU.Build.0 = Release|Any CPU
	EndGlobalSection
	GlobalSection(SolutionProperties) = preSolution
		HideSolutionNode = FALSE
	EndGlobalSection
EndGlobal
